# This file is auto-generated by agr. Do not edit.

version = 1

[[skill]]
handle = "computerlovetech/docs-audit"
source = "github"
commit = "5674fdd2eb72497761061cc0acd6623b76185832"
content-hash = "sha256:be6c01702e2207ae443b402de3754056ffcab5caa7db5f199e610d1afcb81b44"
installed-name = "docs-audit"

[[skill]]
handle = "computerlovetech/setup-agent-workspace"
source = "github"
commit = "5674fdd2eb72497761061cc0acd6623b76185832"
content-hash = "sha256:4bcd7df99e67fd99f49098bf3732a44a053562ee2516de098c2c70204a191b61"
installed-name = "setup-agent-workspace"
